// !$*UTF8*$!
{
	archiveVersion = 1;
	classes = {
	};
	objectVersion = 77;
	objects = {

/* Begin PBXBuildFile section */
		8F41C80D2F93A8E300319557 /* codemagic.yaml in Resources */ = {isa = PBXBuildFile; fileRef = 8F41C80C2F93A8DD00319557 /* codemagic.yaml */; };
		8F738F452F9F7BED007AA6BD /* ServiceExtension.appex in Embed Foundation Extensions */ = {isa = PBXBuildFile; fileRef = 8F738F3E2F9F7BED007AA6BD /* ServiceExtension.appex */; settings = {ATTRIBUTES = (RemoveHeadersOnCopy, ); }; };
		8F738F9A2F9F7D21007AA6BD /* PostgREST in Frameworks */ = {isa = PBXBuildFile; productRef = 8F738F992F9F7D21007AA6BD /* PostgREST */; };
		8F738F9C2F9F7D21007AA6BD /* Supabase in Frameworks */ = {isa = PBXBuildFile; productRef = 8F738F9B2F9F7D21007AA6BD /* Supabase */; };
		8F738F9F2F9F7D6A007AA6BD /* FirebaseCore in Frameworks */ = {isa = PBXBuildFile; productRef = 8F738F9E2F9F7D6A007AA6BD /* FirebaseCore */; };
		8F738FA12F9F7D6A007AA6BD /* FirebaseMessaging in Frameworks */ = {isa = PBXBuildFile; productRef = 8F738FA02F9F7D6A007AA6BD /* FirebaseMessaging */; };
		8F738FA42F9F7D80007AA6BD /* Lottie in Frameworks */ = {isa = PBXBuildFile; productRef = 8F738FA32F9F7D80007AA6BD /* Lottie */; };
		8F738FA72F9F7D94007AA6BD /* AppsFlyerLib in Frameworks */ = {isa = PBXBuildFile; productRef = 8F738FA62F9F7D94007AA6BD /* AppsFlyerLib */; };
		8F738FAA2F9F7D9A007AA6BD /* FirebaseMessaging in Frameworks */ = {isa = PBXBuildFile; productRef = 8F738FA92F9F7D9A007AA6BD /* FirebaseMessaging */; };
/* End PBXBuildFile section */

/* Begin PBXContainerItemProxy section */
		8F738F432F9F7BED007AA6BD /* PBXContainerItemProxy */ = {
			isa = PBXContainerItemProxy;
			containerPortal = 8F677DFE2F88328300BA1736 /* Project object */;
			proxyType = 1;
			remoteGlobalIDString = 8F738F3D2F9F7BED007AA6BD;
			remoteInfo = ServiceExtension;
		};
/* End PBXContainerItemProxy section */

/* Begin PBXCopyFilesBuildPhase section */
		8F738F4A2F9F7BED007AA6BD /* Embed Foundation Extensions */ = {
			isa = PBXCopyFilesBuildPhase;
			buildActionMask = 2147483647;
			dstPath = "";
			dstSubfolderSpec = 13;
			files = (
				8F738F452F9F7BED007AA6BD /* ServiceExtension.appex in Embed Foundation Extensions */,
			);
			name = "Embed Foundation Extensions";
			runOnlyForDeploymentPostprocessing = 0;
		};
/* End PBXCopyFilesBuildPhase section */

/* Begin PBXFileReference section */
		8F41C80C2F93A8DD00319557 /* codemagic.yaml */ = {isa = PBXFileReference; lastKnownFileType = text.yaml; path = codemagic.yaml; sourceTree = "<group>"; };
		8F677E062F88328300BA1736 /* BitFlowMap.app */ = {isa = PBXFileReference; explicitFileType = wrapper.application; includeInIndex = 0; path = BitFlowMap.app; sourceTree = BUILT_PRODUCTS_DIR; };
		8F738F3E2F9F7BED007AA6BD /* ServiceExtension.appex */ = {isa = PBXFileReference; explicitFileType = "wrapper.app-extension"; includeInIndex = 0; path = ServiceExtension.appex; sourceTree = BUILT_PRODUCTS_DIR; };
/* End PBXFileReference section */

/* Begin PBXFileSystemSynchronizedBuildFileExceptionSet section */
		8F677E2E2F8832A200BA1736 /* Exceptions for "BitFlowMap" folder in "BitFlowMap" target */ = {
			isa = PBXFileSystemSynchronizedBuildFileExceptionSet;
			membershipExceptions = (
				Info.plist,
			);
			target = 8F677E052F88328300BA1736 /* BitFlowMap */;
		};
		8F738F492F9F7BED007AA6BD /* Exceptions for "ServiceExtension" folder in "ServiceExtension" target */ = {
			isa = PBXFileSystemSynchronizedBuildFileExceptionSet;
			membershipExceptions = (
				Info.plist,
			);
			target = 8F738F3D2F9F7BED007AA6BD /* ServiceExtension */;
		};
/* End PBXFileSystemSynchronizedBuildFileExceptionSet section */

/* Begin PBXFileSystemSynchronizedRootGroup section */
		8F677E082F88328300BA1736 /* BitFlowMap */ = {
			isa = PBXFileSystemSynchronizedRootGroup;
			exceptions = (
				8F677E2E2F8832A200BA1736 /* Exceptions for "BitFlowMap" folder in "BitFlowMap" target */,
			);
			path = BitFlowMap;
			sourceTree = "<group>";
		};
		8F738F3F2F9F7BED007AA6BD /* ServiceExtension */ = {
			isa = PBXFileSystemSynchronizedRootGroup;
			exceptions = (
				8F738F492F9F7BED007AA6BD /* Exceptions for "ServiceExtension" folder in "ServiceExtension" target */,
			);
			path = ServiceExtension;
			sourceTree = "<group>";
		};
/* End PBXFileSystemSynchronizedRootGroup section */

/* Begin PBXFrameworksBuildPhase section */
		8F677E032F88328300BA1736 /* Frameworks */ = {
			isa = PBXFrameworksBuildPhase;
			buildActionMask = 2147483647;
			files = (
				8F738FA42F9F7D80007AA6BD /* Lottie in Frameworks */,
				8F738FA12F9F7D6A007AA6BD /* FirebaseMessaging in Frameworks */,
				8F738F9C2F9F7D21007AA6BD /* Supabase in Frameworks */,
				8F738F9F2F9F7D6A007AA6BD /* FirebaseCore in Frameworks */,
				8F738F9A2F9F7D21007AA6BD /* PostgREST in Frameworks */,
				8F738FA72F9F7D94007AA6BD /* AppsFlyerLib in Frameworks */,
			);
			runOnlyForDeploymentPostprocessing = 0;
		};
		8F738F3B2F9F7BED007AA6BD /* Frameworks */ = {
			isa = PBXFrameworksBuildPhase;
			buildActionMask = 2147483647;
			files = (
				8F738FAA2F9F7D9A007AA6BD /* FirebaseMessaging in Frameworks */,
			);
			runOnlyForDeploymentPostprocessing = 0;
		};
/* End PBXFrameworksBuildPhase section */

/* Begin PBXGroup section */
		8F677DFD2F88328300BA1736 = {
			isa = PBXGroup;
			children = (
				8F41C80C2F93A8DD00319557 /* codemagic.yaml */,
				8F677E082F88328300BA1736 /* BitFlowMap */,
				8F738F3F2F9F7BED007AA6BD /* ServiceExtension */,
				8F738FA82F9F7D9A007AA6BD /* Frameworks */,
				8F677E072F88328300BA1736 /* Products */,
			);
			sourceTree = "<group>";
		};
		8F677E072F88328300BA1736 /* Products */ = {
			isa = PBXGroup;
			children = (
				8F677E062F88328300BA1736 /* BitFlowMap.app */,
				8F738F3E2F9F7BED007AA6BD /* ServiceExtension.appex */,
			);
			name = Products;
			sourceTree = "<group>";
		};
		8F738FA82F9F7D9A007AA6BD /* Frameworks */ = {
			isa = PBXGroup;
			children = (
			);
			name = Frameworks;
			sourceTree = "<group>";
		};
/* End PBXGroup section */

/* Begin PBXNativeTarget section */
		8F677E052F88328300BA1736 /* BitFlowMap */ = {
			isa = PBXNativeTarget;
			buildConfigurationList = 8F677E122F88328400BA1736 /* Build configuration list for PBXNativeTarget "BitFlowMap" */;
			buildPhases = (
				8F677E022F88328300BA1736 /* Sources */,
				8F677E032F88328300BA1736 /* Frameworks */,
				8F677E042F88328300BA1736 /* Resources */,
				8F738F4A2F9F7BED007AA6BD /* Embed Foundation Extensions */,
			);
			buildRules = (
			);
			dependencies = (
				8F738F442F9F7BED007AA6BD /* PBXTargetDependency */,
			);
			fileSystemSynchronizedGroups = (
				8F677E082F88328300BA1736 /* BitFlowMap */,
			);
			name = BitFlowMap;
			packageProductDependencies = (
				8F738F992F9F7D21007AA6BD /* PostgREST */,
				8F738F9B2F9F7D21007AA6BD /* Supabase */,
				8F738F9E2F9F7D6A007AA6BD /* FirebaseCore */,
				8F738FA02F9F7D6A007AA6BD /* FirebaseMessaging */,
				8F738FA32F9F7D80007AA6BD /* Lottie */,
				8F738FA62F9F7D94007AA6BD /* AppsFlyerLib */,
			);
			productName = BitFlowMap;
			productReference = 8F677E062F88328300BA1736 /* BitFlowMap.app */;
			productType = "com.apple.product-type.application";
		};
		8F738F3D2F9F7BED007AA6BD /* ServiceExtension */ = {
			isa = PBXNativeTarget;
			buildConfigurationList = 8F738F462F9F7BED007AA6BD /* Build configuration list for PBXNativeTarget "ServiceExtension" */;
			buildPhases = (
				8F738F3A2F9F7BED007AA6BD /* Sources */,
				8F738F3B2F9F7BED007AA6BD /* Frameworks */,
				8F738F3C2F9F7BED007AA6BD /* Resources */,
			);
			buildRules = (
			);
			dependencies = (
			);
			fileSystemSynchronizedGroups = (
				8F738F3F2F9F7BED007AA6BD /* ServiceExtension */,
			);
			name = ServiceExtension;
			packageProductDependencies = (
				8F738FA92F9F7D9A007AA6BD /* FirebaseMessaging */,
			);
			productName = ServiceExtension;
			productReference = 8F738F3E2F9F7BED007AA6BD /* ServiceExtension.appex */;
			productType = "com.apple.product-type.app-extension";
		};
/* End PBXNativeTarget section */

/* Begin PBXProject section */
		8F677DFE2F88328300BA1736 /* Project object */ = {
			isa = PBXProject;
			attributes = {
				BuildIndependentTargetsInParallel = 1;
				LastSwiftUpdateCheck = 1640;
				LastUpgradeCheck = 1640;
				TargetAttributes = {
					8F677E052F88328300BA1736 = {
						CreatedOnToolsVersion = 16.4;
						LastSwiftMigration = 1640;
					};
					8F738F3D2F9F7BED007AA6BD = {
						CreatedOnToolsVersion = 16.4;
					};
				};
			};
			buildConfigurationList = 8F677E012F88328300BA1736 /* Build configuration list for PBXProject "BitFlowMap" */;
			developmentRegion = en;
			hasScannedForEncodings = 0;
			knownRegions = (
				en,
				Base,
			);
			mainGroup = 8F677DFD2F88328300BA1736;
			minimizedProjectReferenceProxies = 1;
			packageReferences = (
				8F738F982F9F7D21007AA6BD /* XCRemoteSwiftPackageReference "supabase-swift" */,
				8F738F9D2F9F7D6A007AA6BD /* XCRemoteSwiftPackageReference "firebase-ios-sdk" */,
				8F738FA22F9F7D80007AA6BD /* XCRemoteSwiftPackageReference "lottie-ios" */,
				8F738FA52F9F7D94007AA6BD /* XCRemoteSwiftPackageReference "AppsFlyerFramework" */,
			);
			preferredProjectObjectVersion = 77;
			productRefGroup = 8F677E072F88328300BA1736 /* Products */;
			projectDirPath = "";
			projectRoot = "";
			targets = (
				8F677E052F88328300BA1736 /* BitFlowMap */,
				8F738F3D2F9F7BED007AA6BD /* ServiceExtension */,
			);
		};
/* End PBXProject section */

/* Begin PBXResourcesBuildPhase section */
		8F677E042F88328300BA1736 /* Resources */ = {
			isa = PBXResourcesBuildPhase;
			buildActionMask = 2147483647;
			files = (
				8F41C80D2F93A8E300319557 /* codemagic.yaml in Resources */,
			);
			runOnlyForDeploymentPostprocessing = 0;
		};
		8F738F3C2F9F7BED007AA6BD /* Resources */ = {
			isa = PBXResourcesBuildPhase;
			buildActionMask = 2147483647;
			files = (
			);
			runOnlyForDeploymentPostprocessing = 0;
		};
/* End PBXResourcesBuildPhase section */

/* Begin PBXSourcesBuildPhase section */
		8F677E022F88328300BA1736 /* Sources */ = {
			isa = PBXSourcesBuildPhase;
			buildActionMask = 2147483647;
			files = (
			);
			runOnlyForDeploymentPostprocessing = 0;
		};
		8F738F3A2F9F7BED007AA6BD /* Sources */ = {
			isa = PBXSourcesBuildPhase;
			buildActionMask = 2147483647;
			files = (
			);
			runOnlyForDeploymentPostprocessing = 0;
		};
/* End PBXSourcesBuildPhase section */

/* Begin PBXTargetDependency section */
		8F738F442F9F7BED007AA6BD /* PBXTargetDependency */ = {
			isa = PBXTargetDependency;
			target = 8F738F3D2F9F7BED007AA6BD /* ServiceExtension */;
			targetProxy = 8F738F432F9F7BED007AA6BD /* PBXContainerItemProxy */;
		};
/* End PBXTargetDependency section */

/* Begin XCBuildConfiguration section */
		8F677E102F88328400BA1736 /* Debug */ = {
			isa = XCBuildConfiguration;
			buildSettings = {
				ALWAYS_SEARCH_USER_PATHS = NO;
				ASSETCATALOG_COMPILER_GENERATE_SWIFT_ASSET_SYMBOL_EXTENSIONS = YES;
				CLANG_ANALYZER_NONNULL = YES;
				CLANG_ANALYZER_NUMBER_OBJECT_CONVERSION = YES_AGGRESSIVE;
				CLANG_CXX_LANGUAGE_STANDARD = "gnu++20";
				CLANG_ENABLE_MODULES = YES;
				CLANG_ENABLE_OBJC_ARC = YES;
				CLANG_ENABLE_OBJC_WEAK = YES;
				CLANG_WARN_BLOCK_CAPTURE_AUTORELEASING = YES;
				CLANG_WARN_BOOL_CONVERSION = YES;
				CLANG_WARN_COMMA = YES;
				CLANG_WARN_CONSTANT_CONVERSION = YES;
				CLANG_WARN_DEPRECATED_OBJC_IMPLEMENTATIONS = YES;
				CLANG_WARN_DIRECT_OBJC_ISA_USAGE = YES_ERROR;
				CLANG_WARN_DOCUMENTATION_COMMENTS = YES;
				CLANG_WARN_EMPTY_BODY = YES;
				CLANG_WARN_ENUM_CONVERSION = YES;
				CLANG_WARN_INFINITE_RECURSION = YES;
				CLANG_WARN_INT_CONVERSION = YES;
				CLANG_WARN_NON_LITERAL_NULL_CONVERSION = YES;
				CLANG_WARN_OBJC_IMPLICIT_RETAIN_SELF = YES;
				CLANG_WARN_OBJC_LITERAL_CONVERSION = YES;
				CLANG_WARN_OBJC_ROOT_CLASS = YES_ERROR;
				CLANG_WARN_QUOTED_INCLUDE_IN_FRAMEWORK_HEADER = YES;
				CLANG_WARN_RANGE_LOOP_ANALYSIS = YES;
				CLANG_WARN_STRICT_PROTOTYPES = YES;
				CLANG_WARN_SUSPICIOUS_MOVE = YES;
				CLANG_WARN_UNGUARDED_AVAILABILITY = YES_AGGRESSIVE;
				CLANG_WARN_UNREACHABLE_CODE = YES;
				CLANG_WARN__DUPLICATE_METHOD_MATCH = YES;
				COPY_PHASE_STRIP = NO;
				DEBUG_INFORMATION_FORMAT = dwarf;
				ENABLE_STRICT_OBJC_MSGSEND = YES;
				ENABLE_TESTABILITY = YES;
				ENABLE_USER_SCRIPT_SANDBOXING = YES;
				GCC_C_LANGUAGE_STANDARD = gnu17;
				GCC_DYNAMIC_NO_PIC = NO;
				GCC_NO_COMMON_BLOCKS = YES;
				GCC_OPTIMIZATION_LEVEL = 0;
				GCC_PREPROCESSOR_DEFINITIONS = (
					"DEBUG=1",
					"$(inherited)",
				);
				GCC_WARN_64_TO_32_BIT_CONVERSION = YES;
				GCC_WARN_ABOUT_RETURN_TYPE = YES_ERROR;
				GCC_WARN_UNDECLARED_SELECTOR = YES;
				GCC_WARN_UNINITIALIZED_AUTOS = YES_AGGRESSIVE;
				GCC_WARN_UNUSED_FUNCTION = YES;
				GCC_WARN_UNUSED_VARIABLE = YES;
				LOCALIZATION_PREFERS_STRING_CATALOGS = YES;
				MTL_ENABLE_DEBUG_INFO = INCLUDE_SOURCE;
				MTL_FAST_MATH = YES;
				ONLY_ACTIVE_ARCH = YES;
				SWIFT_ACTIVE_COMPILATION_CONDITIONS = "DEBUG $(inherited)";
				SWIFT_OPTIMIZATION_LEVEL = "-Onone";
			};
			name = Debug;
		};
		8F677E112F88328400BA1736 /* Release */ = {
			isa = XCBuildConfiguration;
			buildSettings = {
				ALWAYS_SEARCH_USER_PATHS = NO;
				ASSETCATALOG_COMPILER_GENERATE_SWIFT_ASSET_SYMBOL_EXTENSIONS = YES;
				CLANG_ANALYZER_NONNULL = YES;
				CLANG_ANALYZER_NUMBER_OBJECT_CONVERSION = YES_AGGRESSIVE;
				CLANG_CXX_LANGUAGE_STANDARD = "gnu++20";
				CLANG_ENABLE_MODULES = YES;
				CLANG_ENABLE_OBJC_ARC = YES;
				CLANG_ENABLE_OBJC_WEAK = YES;
				CLANG_WARN_BLOCK_CAPTURE_AUTORELEASING = YES;
				CLANG_WARN_BOOL_CONVERSION = YES;
				CLANG_WARN_COMMA = YES;
				CLANG_WARN_CONSTANT_CONVERSION = YES;
				CLANG_WARN_DEPRECATED_OBJC_IMPLEMENTATIONS = YES;
				CLANG_WARN_DIRECT_OBJC_ISA_USAGE = YES_ERROR;
				CLANG_WARN_DOCUMENTATION_COMMENTS = YES;
				CLANG_WARN_EMPTY_BODY = YES;
				CLANG_WARN_ENUM_CONVERSION = YES;
				CLANG_WARN_INFINITE_RECURSION = YES;
				CLANG_WARN_INT_CONVERSION = YES;
				CLANG_WARN_NON_LITERAL_NULL_CONVERSION = YES;
				CLANG_WARN_OBJC_IMPLICIT_RETAIN_SELF = YES;
				CLANG_WARN_OBJC_LITERAL_CONVERSION = YES;
				CLANG_WARN_OBJC_ROOT_CLASS = YES_ERROR;
				CLANG_WARN_QUOTED_INCLUDE_IN_FRAMEWORK_HEADER = YES;
				CLANG_WARN_RANGE_LOOP_ANALYSIS = YES;
				CLANG_WARN_STRICT_PROTOTYPES = YES;
				CLANG_WARN_SUSPICIOUS_MOVE = YES;
				CLANG_WARN_UNGUARDED_AVAILABILITY = YES_AGGRESSIVE;
				CLANG_WARN_UNREACHABLE_CODE = YES;
				CLANG_WARN__DUPLICATE_METHOD_MATCH = YES;
				COPY_PHASE_STRIP = NO;
				DEBUG_INFORMATION_FORMAT = "dwarf-with-dsym";
				ENABLE_NS_ASSERTIONS = NO;
				ENABLE_STRICT_OBJC_MSGSEND = YES;
				ENABLE_USER_SCRIPT_SANDBOXING = YES;
				GCC_C_LANGUAGE_STANDARD = gnu17;
				GCC_NO_COMMON_BLOCKS = YES;
				GCC_WARN_64_TO_32_BIT_CONVERSION = YES;
				GCC_WARN_ABOUT_RETURN_TYPE = YES_ERROR;
				GCC_WARN_UNDECLARED_SELECTOR = YES;
				GCC_WARN_UNINITIALIZED_AUTOS = YES_AGGRESSIVE;
				GCC_WARN_UNUSED_FUNCTION = YES;
				GCC_WARN_UNUSED_VARIABLE = YES;
				LOCALIZATION_PREFERS_STRING_CATALOGS = YES;
				MTL_ENABLE_DEBUG_INFO = NO;
				MTL_FAST_MATH = YES;
				SWIFT_COMPILATION_MODE = wholemodule;
			};
			name = Release;
		};
		8F677E132F88328400BA1736 /* Debug */ = {
			isa = XCBuildConfiguration;
			buildSettings = {
				ASSETCATALOG_COMPILER_APPICON_NAME = AppIcon;
				ASSETCATALOG_COMPILER_GLOBAL_ACCENT_COLOR_NAME = AccentColor;
				CLANG_ENABLE_MODULES = YES;
				CODE_SIGN_ENTITLEMENTS = BitFlowMap/BitFlowMap.entitlements;
				CODE_SIGN_STYLE = Automatic;
				CURRENT_PROJECT_VERSION = 1;
				ENABLE_PREVIEWS = YES;
				GENERATE_INFOPLIST_FILE = YES;
				INFOPLIST_FILE = BitFlowMap/Info.plist;
				INFOPLIST_KEY_CFBundleDisplayName = "Bit Flow Map";
				INFOPLIST_KEY_NSCameraUsageDescription = "Allow to use feature in this application";
				INFOPLIST_KEY_NSUserTrackingUsageDescription = "Bit Flow Map utilizes transient system cues to render data flows accurately, detect anomalies, and keep visualizations responsive. These cues are handled in a privacy-preserving manner, used only for internal operation and short-term analysis, and are not tied to your identity. We do not use this information to track activity outside the app or share it with external parties for marketing or advertising.";
				"INFOPLIST_KEY_UIApplicationSceneManifest_Generation[sdk=iphoneos*]" = YES;
				"INFOPLIST_KEY_UIApplicationSceneManifest_Generation[sdk=iphonesimulator*]" = YES;
				"INFOPLIST_KEY_UIApplicationSupportsIndirectInputEvents[sdk=iphoneos*]" = YES;
				"INFOPLIST_KEY_UIApplicationSupportsIndirectInputEvents[sdk=iphonesimulator*]" = YES;
				"INFOPLIST_KEY_UILaunchScreen_Generation[sdk=iphoneos*]" = YES;
				"INFOPLIST_KEY_UILaunchScreen_Generation[sdk=iphonesimulator*]" = YES;
				"INFOPLIST_KEY_UIStatusBarStyle[sdk=iphoneos*]" = UIStatusBarStyleDefault;
				"INFOPLIST_KEY_UIStatusBarStyle[sdk=iphonesimulator*]" = UIStatusBarStyleDefault;
				INFOPLIST_KEY_UISupportedInterfaceOrientations_iPad = "UIInterfaceOrientationPortrait UIInterfaceOrientationPortraitUpsideDown UIInterfaceOrientationLandscapeLeft UIInterfaceOrientationLandscapeRight";
				INFOPLIST_KEY_UISupportedInterfaceOrientations_iPhone = "UIInterfaceOrientationPortrait UIInterfaceOrientationLandscapeLeft UIInterfaceOrientationLandscapeRight";
				IPHONEOS_DEPLOYMENT_TARGET = 16.0;
				LD_RUNPATH_SEARCH_PATHS = "@executable_path/Frameworks";
				"LD_RUNPATH_SEARCH_PATHS[sdk=macosx*]" = "@executable_path/../Frameworks";
				MACOSX_DEPLOYMENT_TARGET = 15.3;
				MARKETING_VERSION = 2.1;
				PRODUCT_BUNDLE_IDENTIFIER = com.bittingflo.BitFlowMap;
				PRODUCT_NAME = "$(TARGET_NAME)";
				REGISTER_APP_GROUPS = YES;
				SDKROOT = auto;
				SUPPORTED_PLATFORMS = "iphoneos iphonesimulator";
				SUPPORTS_MACCATALYST = NO;
				SWIFT_EMIT_LOC_STRINGS = YES;
				SWIFT_OPTIMIZATION_LEVEL = "-Onone";
				SWIFT_VERSION = 5.0;
				TARGETED_DEVICE_FAMILY = "1,2";
				XROS_DEPLOYMENT_TARGET = 2.5;
			};
			name = Debug;
		};
		8F677E142F88328400BA1736 /* Release */ = {
			isa = XCBuildConfiguration;
			buildSettings = {
				ASSETCATALOG_COMPILER_APPICON_NAME = AppIcon;
				ASSETCATALOG_COMPILER_GLOBAL_ACCENT_COLOR_NAME = AccentColor;
				CLANG_ENABLE_MODULES = YES;
				CODE_SIGN_ENTITLEMENTS = BitFlowMap/BitFlowMap.entitlements;
				CODE_SIGN_STYLE = Automatic;
				CURRENT_PROJECT_VERSION = 1;
				ENABLE_PREVIEWS = YES;
				GENERATE_INFOPLIST_FILE = YES;
				INFOPLIST_FILE = BitFlowMap/Info.plist;
				INFOPLIST_KEY_CFBundleDisplayName = "Bit Flow Map";
				INFOPLIST_KEY_NSCameraUsageDescription = "Allow to use feature in this application";
				INFOPLIST_KEY_NSUserTrackingUsageDescription = "Bit Flow Map utilizes transient system cues to render data flows accurately, detect anomalies, and keep visualizations responsive. These cues are handled in a privacy-preserving manner, used only for internal operation and short-term analysis, and are not tied to your identity. We do not use this information to track activity outside the app or share it with external parties for marketing or advertising.";
				"INFOPLIST_KEY_UIApplicationSceneManifest_Generation[sdk=iphoneos*]" = YES;
				"INFOPLIST_KEY_UIApplicationSceneManifest_Generation[sdk=iphonesimulator*]" = YES;
				"INFOPLIST_KEY_UIApplicationSupportsIndirectInputEvents[sdk=iphoneos*]" = YES;
				"INFOPLIST_KEY_UIApplicationSupportsIndirectInputEvents[sdk=iphonesimulator*]" = YES;
				"INFOPLIST_KEY_UILaunchScreen_Generation[sdk=iphoneos*]" = YES;
				"INFOPLIST_KEY_UILaunchScreen_Generation[sdk=iphonesimulator*]" = YES;
				"INFOPLIST_KEY_UIStatusBarStyle[sdk=iphoneos*]" = UIStatusBarStyleDefault;
				"INFOPLIST_KEY_UIStatusBarStyle[sdk=iphonesimulator*]" = UIStatusBarStyleDefault;
				INFOPLIST_KEY_UISupportedInterfaceOrientations_iPad = "UIInterfaceOrientationPortrait UIInterfaceOrientationPortraitUpsideDown UIInterfaceOrientationLandscapeLeft UIInterfaceOrientationLandscapeRight";
				INFOPLIST_KEY_UISupportedInterfaceOrientations_iPhone = "UIInterfaceOrientationPortrait UIInterfaceOrientationLandscapeLeft UIInterfaceOrientationLandscapeRight";
				IPHONEOS_DEPLOYMENT_TARGET = 16.0;
				LD_RUNPATH_SEARCH_PATHS = "@executable_path/Frameworks";
				"LD_RUNPATH_SEARCH_PATHS[sdk=macosx*]" = "@executable_path/../Frameworks";
				MACOSX_DEPLOYMENT_TARGET = 15.3;
				MARKETING_VERSION = 2.1;
				PRODUCT_BUNDLE_IDENTIFIER = com.bittingflo.BitFlowMap;
				PRODUCT_NAME = "$(TARGET_NAME)";
				REGISTER_APP_GROUPS = YES;
				SDKROOT = auto;
				SUPPORTED_PLATFORMS = "iphoneos iphonesimulator";
				SUPPORTS_MACCATALYST = NO;
				SWIFT_EMIT_LOC_STRINGS = YES;
				SWIFT_VERSION = 5.0;
				TARGETED_DEVICE_FAMILY = "1,2";
				XROS_DEPLOYMENT_TARGET = 2.5;
			};
			name = Release;
		};
		8F738F472F9F7BED007AA6BD /* Debug */ = {
			isa = XCBuildConfiguration;
			buildSettings = {
				CODE_SIGN_STYLE = Automatic;
				CURRENT_PROJECT_VERSION = 1;
				GENERATE_INFOPLIST_FILE = YES;
				INFOPLIST_FILE = ServiceExtension/Info.plist;
				INFOPLIST_KEY_CFBundleDisplayName = ServiceExtension;
				INFOPLIST_KEY_NSHumanReadableCopyright = "";
				IPHONEOS_DEPLOYMENT_TARGET = 16.0;
				LD_RUNPATH_SEARCH_PATHS = (
					"$(inherited)",
					"@executable_path/Frameworks",
					"@executable_path/../../Frameworks",
				);
				MARKETING_VERSION = 1.0;
				PRODUCT_BUNDLE_IDENTIFIER = com.bittingflo.BitFlowMap.ServiceExtension;
				PRODUCT_NAME = "$(TARGET_NAME)";
				SDKROOT = iphoneos;
				SKIP_INSTALL = YES;
				SUPPORTED_PLATFORMS = "iphoneos iphonesimulator";
				SUPPORTS_MACCATALYST = NO;
				SUPPORTS_MAC_DESIGNED_FOR_IPHONE_IPAD = NO;
				SUPPORTS_XR_DESIGNED_FOR_IPHONE_IPAD = NO;
				SWIFT_EMIT_LOC_STRINGS = YES;
				SWIFT_VERSION = 5.0;
				TARGETED_DEVICE_FAMILY = "1,2";
			};
			name = Debug;
		};
		8F738F482F9F7BED007AA6BD /* Release */ = {
			isa = XCBuildConfiguration;
			buildSettings = {
				CODE_SIGN_STYLE = Automatic;
				CURRENT_PROJECT_VERSION = 1;
				GENERATE_INFOPLIST_FILE = YES;
				INFOPLIST_FILE = ServiceExtension/Info.plist;
				INFOPLIST_KEY_CFBundleDisplayName = ServiceExtension;
				INFOPLIST_KEY_NSHumanReadableCopyright = "";
				IPHONEOS_DEPLOYMENT_TARGET = 16.0;
				LD_RUNPATH_SEARCH_PATHS = (
					"$(inherited)",
					"@executable_path/Frameworks",
					"@executable_path/../../Frameworks",
				);
				MARKETING_VERSION = 1.0;
				PRODUCT_BUNDLE_IDENTIFIER = com.bittingflo.BitFlowMap.ServiceExtension;
				PRODUCT_NAME = "$(TARGET_NAME)";
				SDKROOT = iphoneos;
				SKIP_INSTALL = YES;
				SUPPORTED_PLATFORMS = "iphoneos iphonesimulator";
				SUPPORTS_MACCATALYST = NO;
				SUPPORTS_MAC_DESIGNED_FOR_IPHONE_IPAD = NO;
				SUPPORTS_XR_DESIGNED_FOR_IPHONE_IPAD = NO;
				SWIFT_EMIT_LOC_STRINGS = YES;
				SWIFT_VERSION = 5.0;
				TARGETED_DEVICE_FAMILY = "1,2";
				VALIDATE_PRODUCT = YES;
			};
			name = Release;
		};
/* End XCBuildConfiguration section */

/* Begin XCConfigurationList section */
		8F677E012F88328300BA1736 /* Build configuration list for PBXProject "BitFlowMap" */ = {
			isa = XCConfigurationList;
			buildConfigurations = (
				8F677E102F88328400BA1736 /* Debug */,
				8F677E112F88328400BA1736 /* Release */,
			);
			defaultConfigurationIsVisible = 0;
			defaultConfigurationName = Release;
		};
		8F677E122F88328400BA1736 /* Build configuration list for PBXNativeTarget "BitFlowMap" */ = {
			isa = XCConfigurationList;
			buildConfigurations = (
				8F677E132F88328400BA1736 /* Debug */,
				8F677E142F88328400BA1736 /* Release */,
			);
			defaultConfigurationIsVisible = 0;
			defaultConfigurationName = Release;
		};
		8F738F462F9F7BED007AA6BD /* Build configuration list for PBXNativeTarget "ServiceExtension" */ = {
			isa = XCConfigurationList;
			buildConfigurations = (
				8F738F472F9F7BED007AA6BD /* Debug */,
				8F738F482F9F7BED007AA6BD /* Release */,
			);
			defaultConfigurationIsVisible = 0;
			defaultConfigurationName = Release;
		};
/* End XCConfigurationList section */

/* Begin XCRemoteSwiftPackageReference section */
		8F738F982F9F7D21007AA6BD /* XCRemoteSwiftPackageReference "supabase-swift" */ = {
			isa = XCRemoteSwiftPackageReference;
			repositoryURL = "https://github.com/supabase/supabase-swift.git";
			requirement = {
				kind = upToNextMajorVersion;
				minimumVersion = 2.5.1;
			};
		};
		8F738F9D2F9F7D6A007AA6BD /* XCRemoteSwiftPackageReference "firebase-ios-sdk" */ = {
			isa = XCRemoteSwiftPackageReference;
			repositoryURL = "https://github.com/firebase/firebase-ios-sdk";
			requirement = {
				kind = upToNextMajorVersion;
				minimumVersion = 12.12.1;
			};
		};
		8F738FA22F9F7D80007AA6BD /* XCRemoteSwiftPackageReference "lottie-ios" */ = {
			isa = XCRemoteSwiftPackageReference;
			repositoryURL = "https://github.com/airbnb/lottie-ios.git";
			requirement = {
				kind = upToNextMajorVersion;
				minimumVersion = 4.6.0;
			};
		};
		8F738FA52F9F7D94007AA6BD /* XCRemoteSwiftPackageReference "AppsFlyerFramework" */ = {
			isa = XCRemoteSwiftPackageReference;
			repositoryURL = "https://github.com/AppsFlyerSDK/AppsFlyerFramework";
			requirement = {
				kind = upToNextMajorVersion;
				minimumVersion = 6.18.0;
			};
		};
/* End XCRemoteSwiftPackageReference section */

/* Begin XCSwiftPackageProductDependency section */
		8F738F992F9F7D21007AA6BD /* PostgREST */ = {
			isa = XCSwiftPackageProductDependency;
			package = 8F738F982F9F7D21007AA6BD /* XCRemoteSwiftPackageReference "supabase-swift" */;
			productName = PostgREST;
		};
		8F738F9B2F9F7D21007AA6BD /* Supabase */ = {
			isa = XCSwiftPackageProductDependency;
			package = 8F738F982F9F7D21007AA6BD /* XCRemoteSwiftPackageReference "supabase-swift" */;
			productName = Supabase;
		};
		8F738F9E2F9F7D6A007AA6BD /* FirebaseCore */ = {
			isa = XCSwiftPackageProductDependency;
			package = 8F738F9D2F9F7D6A007AA6BD /* XCRemoteSwiftPackageReference "firebase-ios-sdk" */;
			productName = FirebaseCore;
		};
		8F738FA02F9F7D6A007AA6BD /* FirebaseMessaging */ = {
			isa = XCSwiftPackageProductDependency;
			package = 8F738F9D2F9F7D6A007AA6BD /* XCRemoteSwiftPackageReference "firebase-ios-sdk" */;
			productName = FirebaseMessaging;
		};
		8F738FA32F9F7D80007AA6BD /* Lottie */ = {
			isa = XCSwiftPackageProductDependency;
			package = 8F738FA22F9F7D80007AA6BD /* XCRemoteSwiftPackageReference "lottie-ios" */;
			productName = Lottie;
		};
		8F738FA62F9F7D94007AA6BD /* AppsFlyerLib */ = {
			isa = XCSwiftPackageProductDependency;
			package = 8F738FA52F9F7D94007AA6BD /* XCRemoteSwiftPackageReference "AppsFlyerFramework" */;
			productName = AppsFlyerLib;
		};
		8F738FA92F9F7D9A007AA6BD /* FirebaseMessaging */ = {
			isa = XCSwiftPackageProductDependency;
			package = 8F738F9D2F9F7D6A007AA6BD /* XCRemoteSwiftPackageReference "firebase-ios-sdk" */;
			productName = FirebaseMessaging;
		};
/* End XCSwiftPackageProductDependency section */
	};
	rootObject = 8F677DFE2F88328300BA1736 /* Project object */;
}
